
Microsoft Visual Studio Solution File, Format Version 12.00
# Visual Studio Version 16
VisualStudioVersion = 16.0.30611.23
MinimumVisualStudioVersion = 10.0.40219.1
Project("{FAE04EC0-301F-11D3-BF4B-00C04F79EFBC}") = "Buoi04_CongCu", "Buoi04_CongCu\Buoi04_CongCu.csproj", "{04839209-B45E-401B-B837-C27DE9A2465E}"
EndProject
Global
	GlobalSection(SolutionConfigurationPlatforms) = preSolution
		Debug|Any CPU = Debug|Any CPU
		Release|Any CPU = Release|Any CPU
	EndGlobalSection
	GlobalSection(ProjectConfigurationPlatforms) = postSolution
		{04839209-B45E-401B-B837-C27DE9A2465E}.Debug|Any CPU.ActiveCfg = Debug|Any CPU
		{04839209-B45E-401B-B837-C27DE9A2465E}.Debug|Any CPU.Build.0 = Debug|Any CPU
		{04839209-B45E-401B-B837-C27DE9A2465E}.Release|Any CPU.ActiveCfg = Release|Any CPU
		{04839209-B45E-401B-B837-C27DE9A2465E}.Release|Any CPU.Build.0 = Release|Any CPU
	EndGlobalSection
	GlobalSection(SolutionProperties) = preSolution
		HideSolutionNode = FALSE
	EndGlobalSection
	GlobalSection(ExtensibilityGlobals) = postSolution
		SolutionGuid = {E6B97F8F-F47C-4A63-8A4C-D37F0FFB38AA}
	EndGlobalSection
EndGlobal
